// !$*UTF8*$!
{
	archiveVersion = 1;
	classes = {
	};
	objectVersion = 56;
	objects = {

/* Begin PBXBuildFile section */
		0022E9E52B5CA0AB004FDE34 /* nwhacks_iosApp.swift in Sources */ = {isa = PBXBuildFile; fileRef = 0022E9E42B5CA0AB004FDE34 /* nwhacks_iosApp.swift */; };
		0022E9E72B5CA0AB004FDE34 /* ContentView.swift in Sources */ = {isa = PBXBuildFile; fileRef = 0022E9E62B5CA0AB004FDE34 /* ContentView.swift */; };
		0022E9E92B5CA0AC004FDE34 /* Assets.xcassets in Resources */ = {isa = PBXBuildFile; fileRef = 0022E9E82B5CA0AC004FDE34 /* Assets.xcassets */; };
		0022E9EC2B5CA0AC004FDE34 /* Preview Assets.xcassets in Resources */ = {isa = PBXBuildFile; fileRef = 0022E9EB2B5CA0AC004FDE34 /* Preview Assets.xcassets */; };
		0022E9F62B5CA0AC004FDE34 /* nwhacks_iosTests.swift in Sources */ = {isa = PBXBuildFile; fileRef = 0022E9F52B5CA0AC004FDE34 /* nwhacks_iosTests.swift */; };
		0022EA002B5CA0AC004FDE34 /* nwhacks_iosUITests.swift in Sources */ = {isa = PBXBuildFile; fileRef = 0022E9FF2B5CA0AC004FDE34 /* nwhacks_iosUITests.swift */; };
		0022EA022B5CA0AC004FDE34 /* nwhacks_iosUITestsLaunchTests.swift in Sources */ = {isa = PBXBuildFile; fileRef = 0022EA012B5CA0AC004FDE34 /* nwhacks_iosUITestsLaunchTests.swift */; };
		0022EA0F2B5CA384004FDE34 /* MessageView.swift in Sources */ = {isa = PBXBuildFile; fileRef = 0022EA0E2B5CA384004FDE34 /* MessageView.swift */; };
		0022EA112B5CA39D004FDE34 /* MessageCell.swift in Sources */ = {isa = PBXBuildFile; fileRef = 0022EA102B5CA39D004FDE34 /* MessageCell.swift */; };
		0022EA132B5CA3B8004FDE34 /* Message.swift in Sources */ = {isa = PBXBuildFile; fileRef = 0022EA122B5CA3B8004FDE34 /* Message.swift */; };
		0022EA162B5CA98B004FDE34 /* OpenAI in Frameworks */ = {isa = PBXBuildFile; productRef = 0022EA152B5CA98B004FDE34 /* OpenAI */; };
/* End PBXBuildFile section */

/* Begin PBXContainerItemProxy section */
		0022E9F22B5CA0AC004FDE34 /* PBXContainerItemProxy */ = {
			isa = PBXContainerItemProxy;
			containerPortal = 0022E9D92B5CA0AB004FDE34 /* Project object */;
			proxyType = 1;
			remoteGlobalIDString = 0022E9E02B5CA0AB004FDE34;
			remoteInfo = "nwhacks-ios";
		};
		0022E9FC2B5CA0AC004FDE34 /* PBXContainerItemProxy */ = {
			isa = PBXContainerItemProxy;
			containerPortal = 0022E9D92B5CA0AB004FDE34 /* Project object */;
			proxyType = 1;
			remoteGlobalIDString = 0022E9E02B5CA0AB004FDE34;
			remoteInfo = "nwhacks-ios";
		};
/* End PBXContainerItemProxy section */

/* Begin PBXFileReference section */
		0022E9E12B5CA0AB004FDE34 /* nwhacks-ios.app */ = {isa = PBXFileReference; explicitFileType = wrapper.application; includeInIndex = 0; path = "nwhacks-ios.app"; sourceTree = BUILT_PRODUCTS_DIR; };
		0022E9E42B5CA0AB004FDE34 /* nwhacks_iosApp.swift */ = {isa = PBXFileReference; lastKnownFileType = sourcecode.swift; path = nwhacks_iosApp.swift; sourceTree = "<group>"; };
		0022E9E62B5CA0AB004FDE34 /* ContentView.swift */ = {isa = PBXFileReference; lastKnownFileType = sourcecode.swift; path = ContentView.swift; sourceTree = "<group>"; };
		0022E9E82B5CA0AC004FDE34 /* Assets.xcassets */ = {isa = PBXFileReference; lastKnownFileType = folder.assetcatalog; path = Assets.xcassets; sourceTree = "<group>"; };
		0022E9EB2B5CA0AC004FDE34 /* Preview Assets.xcassets */ = {isa = PBXFileReference; lastKnownFileType = folder.assetcatalog; path = "Preview Assets.xcassets"; sourceTree = "<group>"; };
		0022E9F12B5CA0AC004FDE34 /* nwhacks-iosTests.xctest */ = {isa = PBXFileReference; explicitFileType = wrapper.cfbundle; includeInIndex = 0; path = "nwhacks-iosTests.xctest"; sourceTree = BUILT_PRODUCTS_DIR; };
		0022E9F52B5CA0AC004FDE34 /* nwhacks_iosTests.swift */ = {isa = PBXFileReference; lastKnownFileType = sourcecode.swift; path = nwhacks_iosTests.swift; sourceTree = "<group>"; };
		0022E9FB2B5CA0AC004FDE34 /* nwhacks-iosUITests.xctest */ = {isa = PBXFileReference; explicitFileType = wrapper.cfbundle; includeInIndex = 0; path = "nwhacks-iosUITests.xctest"; sourceTree = BUILT_PRODUCTS_DIR; };
		0022E9FF2B5CA0AC004FDE34 /* nwhacks_iosUITests.swift */ = {isa = PBXFileReference; lastKnownFileType = sourcecode.swift; path = nwhacks_iosUITests.swift; sourceTree = "<group>"; };
		0022EA012B5CA0AC004FDE34 /* nwhacks_iosUITestsLaunchTests.swift */ = {isa = PBXFileReference; lastKnownFileType = sourcecode.swift; path = nwhacks_iosUITestsLaunchTests.swift; sourceTree = "<group>"; };
		0022EA0E2B5CA384004FDE34 /* MessageView.swift */ = {isa = PBXFileReference; lastKnownFileType = sourcecode.swift; path = MessageView.swift; sourceTree = "<group>"; };
		0022EA102B5CA39D004FDE34 /* MessageCell.swift */ = {isa = PBXFileReference; lastKnownFileType = sourcecode.swift; path = MessageCell.swift; sourceTree = "<group>"; };
		0022EA122B5CA3B8004FDE34 /* Message.swift */ = {isa = PBXFileReference; lastKnownFileType = sourcecode.swift; path = Message.swift; sourceTree = "<group>"; };
/* End PBXFileReference section */

/* Begin PBXFrameworksBuildPhase section */
		0022E9DE2B5CA0AB004FDE34 /* Frameworks */ = {
			isa = PBXFrameworksBuildPhase;
			buildActionMask = 2147483647;
			files = (
				0022EA162B5CA98B004FDE34 /* OpenAI in Frameworks */,
			);
			runOnlyForDeploymentPostprocessing = 0;
		};
		0022E9EE2B5CA0AC004FDE34 /* Frameworks */ = {
			isa = PBXFrameworksBuildPhase;
			buildActionMask = 2147483647;
			files = (
			);
			runOnlyForDeploymentPostprocessing = 0;
		};
		0022E9F82B5CA0AC004FDE34 /* Frameworks */ = {
			isa = PBXFrameworksBuildPhase;
			buildActionMask = 2147483647;
			files = (
			);
			runOnlyForDeploymentPostprocessing = 0;
		};
/* End PBXFrameworksBuildPhase section */

/* Begin PBXGroup section */
		0022E9D82B5CA0AB004FDE34 = {
			isa = PBXGroup;
			children = (
				0022E9E32B5CA0AB004FDE34 /* nwhacks-ios */,
				0022E9F42B5CA0AC004FDE34 /* nwhacks-iosTests */,
				0022E9FE2B5CA0AC004FDE34 /* nwhacks-iosUITests */,
				0022E9E22B5CA0AB004FDE34 /* Products */,
			);
			sourceTree = "<group>";
		};
		0022E9E22B5CA0AB004FDE34 /* Products */ = {
			isa = PBXGroup;
			children = (
				0022E9E12B5CA0AB004FDE34 /* nwhacks-ios.app */,
				0022E9F12B5CA0AC004FDE34 /* nwhacks-iosTests.xctest */,
				0022E9FB2B5CA0AC004FDE34 /* nwhacks-iosUITests.xctest */,
			);
			name = Products;
			sourceTree = "<group>";
		};
		0022E9E32B5CA0AB004FDE34 /* nwhacks-ios */ = {
			isa = PBXGroup;
			children = (
				0022E9E42B5CA0AB004FDE34 /* nwhacks_iosApp.swift */,
				0022E9E62B5CA0AB004FDE34 /* ContentView.swift */,
				0022EA0E2B5CA384004FDE34 /* MessageView.swift */,
				0022EA122B5CA3B8004FDE34 /* Message.swift */,
				0022EA102B5CA39D004FDE34 /* MessageCell.swift */,
				0022E9E82B5CA0AC004FDE34 /* Assets.xcassets */,
				0022E9EA2B5CA0AC004FDE34 /* Preview Content */,
			);
			path = "nwhacks-ios";
			sourceTree = "<group>";
		};
		0022E9EA2B5CA0AC004FDE34 /* Preview Content */ = {
			isa = PBXGroup;
			children = (
				0022E9EB2B5CA0AC004FDE34 /* Preview Assets.xcassets */,
			);
			path = "Preview Content";
			sourceTree = "<group>";
		};
		0022E9F42B5CA0AC004FDE34 /* nwhacks-iosTests */ = {
			isa = PBXGroup;
			children = (
				0022E9F52B5CA0AC004FDE34 /* nwhacks_iosTests.swift */,
			);
			path = "nwhacks-iosTests";
			sourceTree = "<group>";
		};
		0022E9FE2B5CA0AC004FDE34 /* nwhacks-iosUITests */ = {
			isa = PBXGroup;
			children = (
				0022E9FF2B5CA0AC004FDE34 /* nwhacks_iosUITests.swift */,
				0022EA012B5CA0AC004FDE34 /* nwhacks_iosUITestsLaunchTests.swift */,
			);
			path = "nwhacks-iosUITests";
			sourceTree = "<group>";
		};
/* End PBXGroup section */

/* Begin PBXNativeTarget section */
		0022E9E02B5CA0AB004FDE34 /* nwhacks-ios */ = {
			isa = PBXNativeTarget;
			buildConfigurationList = 0022EA052B5CA0AC004FDE34 /* Build configuration list for PBXNativeTarget "nwhacks-ios" */;
			buildPhases = (
				0022E9DD2B5CA0AB004FDE34 /* Sources */,
				0022E9DE2B5CA0AB004FDE34 /* Frameworks */,
				0022E9DF2B5CA0AB004FDE34 /* Resources */,
			);
			buildRules = (
			);
			dependencies = (
			);
			name = "nwhacks-ios";
			packageProductDependencies = (
				0022EA152B5CA98B004FDE34 /* OpenAI */,
			);
			productName = "nwhacks-ios";
			productReference = 0022E9E12B5CA0AB004FDE34 /* nwhacks-ios.app */;
			productType = "com.apple.product-type.application";
		};
		0022E9F02B5CA0AC004FDE34 /* nwhacks-iosTests */ = {
			isa = PBXNativeTarget;
			buildConfigurationList = 0022EA082B5CA0AC004FDE34 /* Build configuration list for PBXNativeTarget "nwhacks-iosTests" */;
			buildPhases = (
				0022E9ED2B5CA0AC004FDE34 /* Sources */,
				0022E9EE2B5CA0AC004FDE34 /* Frameworks */,
				0022E9EF2B5CA0AC004FDE34 /* Resources */,
			);
			buildRules = (
			);
			dependencies = (
				0022E9F32B5CA0AC004FDE34 /* PBXTargetDependency */,
			);
			name = "nwhacks-iosTests";
			productName = "nwhacks-iosTests";
			productReference = 0022E9F12B5CA0AC004FDE34 /* nwhacks-iosTests.xctest */;
			productType = "com.apple.product-type.bundle.unit-test";
		};
		0022E9FA2B5CA0AC004FDE34 /* nwhacks-iosUITests */ = {
			isa = PBXNativeTarget;
			buildConfigurationList = 0022EA0B2B5CA0AC004FDE34 /* Build configuration list for PBXNativeTarget "nwhacks-iosUITests" */;
			buildPhases = (
				0022E9F72B5CA0AC004FDE34 /* Sources */,
				0022E9F82B5CA0AC004FDE34 /* Frameworks */,
				0022E9F92B5CA0AC004FDE34 /* Resources */,
			);
			buildRules = (
			);
			dependencies = (
				0022E9FD2B5CA0AC004FDE34 /* PBXTargetDependency */,
			);
			name = "nwhacks-iosUITests";
			productName = "nwhacks-iosUITests";
			productReference = 0022E9FB2B5CA0AC004FDE34 /* nwhacks-iosUITests.xctest */;
			productType = "com.apple.product-type.bundle.ui-testing";
		};
/* End PBXNativeTarget section */

/* Begin PBXProject section */
		0022E9D92B5CA0AB004FDE34 /* Project object */ = {
			isa = PBXProject;
			attributes = {
				BuildIndependentTargetsInParallel = 1;
				LastSwiftUpdateCheck = 1520;
				LastUpgradeCheck = 1520;
				TargetAttributes = {
					0022E9E02B5CA0AB004FDE34 = {
						CreatedOnToolsVersion = 15.2;
					};
					0022E9F02B5CA0AC004FDE34 = {
						CreatedOnToolsVersion = 15.2;
						TestTargetID = 0022E9E02B5CA0AB004FDE34;
					};
					0022E9FA2B5CA0AC004FDE34 = {
						CreatedOnToolsVersion = 15.2;
						TestTargetID = 0022E9E02B5CA0AB004FDE34;
					};
				};
			};
			buildConfigurationList = 0022E9DC2B5CA0AB004FDE34 /* Build configuration list for PBXProject "nwhacks-ios" */;
			compatibilityVersion = "Xcode 14.0";
			developmentRegion = en;
			hasScannedForEncodings = 0;
			knownRegions = (
				en,
				Base,
			);
			mainGroup = 0022E9D82B5CA0AB004FDE34;
			packageReferences = (
				0022EA142B5CA98B004FDE34 /* XCRemoteSwiftPackageReference "OpenAI" */,
			);
			productRefGroup = 0022E9E22B5CA0AB004FDE34 /* Products */;
			projectDirPath = "";
			projectRoot = "";
			targets = (
				0022E9E02B5CA0AB004FDE34 /* nwhacks-ios */,
				0022E9F02B5CA0AC004FDE34 /* nwhacks-iosTests */,
				0022E9FA2B5CA0AC004FDE34 /* nwhacks-iosUITests */,
			);
		};
/* End PBXProject section */

/* Begin PBXResourcesBuildPhase section */
		0022E9DF2B5CA0AB004FDE34 /* Resources */ = {
			isa = PBXResourcesBuildPhase;
			buildActionMask = 2147483647;
			files = (
				0022E9EC2B5CA0AC004FDE34 /* Preview Assets.xcassets in Resources */,
				0022E9E92B5CA0AC004FDE34 /* Assets.xcassets in Resources */,
			);
			runOnlyForDeploymentPostprocessing = 0;
		};
		0022E9EF2B5CA0AC004FDE34 /* Resources */ = {
			isa = PBXResourcesBuildPhase;
			buildActionMask = 2147483647;
			files = (
			);
			runOnlyForDeploymentPostprocessing = 0;
		};
		0022E9F92B5CA0AC004FDE34 /* Resources */ = {
			isa = PBXResourcesBuildPhase;
			buildActionMask = 2147483647;
			files = (
			);
			runOnlyForDeploymentPostprocessing = 0;
		};
/* End PBXResourcesBuildPhase section */

/* Begin PBXSourcesBuildPhase section */
		0022E9DD2B5CA0AB004FDE34 /* Sources */ = {
			isa = PBXSourcesBuildPhase;
			buildActionMask = 2147483647;
			files = (
				0022EA0F2B5CA384004FDE34 /* MessageView.swift in Sources */,
				0022EA112B5CA39D004FDE34 /* MessageCell.swift in Sources */,
				0022EA132B5CA3B8004FDE34 /* Message.swift in Sources */,
				0022E9E72B5CA0AB004FDE34 /* ContentView.swift in Sources */,
				0022E9E52B5CA0AB004FDE34 /* nwhacks_iosApp.swift in Sources */,
			);
			runOnlyForDeploymentPostprocessing = 0;
		};
		0022E9ED2B5CA0AC004FDE34 /* Sources */ = {
			isa = PBXSourcesBuildPhase;
			buildActionMask = 2147483647;
			files = (
				0022E9F62B5CA0AC004FDE34 /* nwhacks_iosTests.swift in Sources */,
			);
			runOnlyForDeploymentPostprocessing = 0;
		};
		0022E9F72B5CA0AC004FDE34 /* Sources */ = {
			isa = PBXSourcesBuildPhase;
			buildActionMask = 2147483647;
			files = (
				0022EA022B5CA0AC004FDE34 /* nwhacks_iosUITestsLaunchTests.swift in Sources */,
				0022EA002B5CA0AC004FDE34 /* nwhacks_iosUITests.swift in Sources */,
			);
			runOnlyForDeploymentPostprocessing = 0;
		};
/* End PBXSourcesBuildPhase section */

/* Begin PBXTargetDependency section */
		0022E9F32B5CA0AC004FDE34 /* PBXTargetDependency */ = {
			isa = PBXTargetDependency;
			target = 0022E9E02B5CA0AB004FDE34 /* nwhacks-ios */;
			targetProxy = 0022E9F22B5CA0AC004FDE34 /* PBXContainerItemProxy */;
		};
		0022E9FD2B5CA0AC004FDE34 /* PBXTargetDependency */ = {
			isa = PBXTargetDependency;
			target = 0022E9E02B5CA0AB004FDE34 /* nwhacks-ios */;
			targetProxy = 0022E9FC2B5CA0AC004FDE34 /* PBXContainerItemProxy */;
		};
/* End PBXTargetDependency section */

/* Begin XCBuildConfiguration section */
		0022EA032B5CA0AC004FDE34 /* Debug */ = {
			isa = XCBuildConfiguration;
			buildSettings = {
				ALWAYS_SEARCH_USER_PATHS = NO;
				ASSETCATALOG_COMPILER_GENERATE_SWIFT_ASSET_SYMBOL_EXTENSIONS = YES;
				CLANG_ANALYZER_NONNULL = YES;
				CLANG_ANALYZER_NUMBER_OBJECT_CONVERSION = YES_AGGRESSIVE;
				CLANG_CXX_LANGUAGE_STANDARD = "gnu++20";
				CLANG_ENABLE_MODULES = YES;
				CLANG_ENABLE_OBJC_ARC = YES;
				CLANG_ENABLE_OBJC_WEAK = YES;
				CLANG_WARN_BLOCK_CAPTURE_AUTORELEASING = YES;
				CLANG_WARN_BOOL_CONVERSION = YES;
				CLANG_WARN_COMMA = YES;
				CLANG_WARN_CONSTANT_CONVERSION = YES;
				CLANG_WARN_DEPRECATED_OBJC_IMPLEMENTATIONS = YES;
				CLANG_WARN_DIRECT_OBJC_ISA_USAGE = YES_ERROR;
				CLANG_WARN_DOCUMENTATION_COMMENTS = YES;
				CLANG_WARN_EMPTY_BODY = YES;
				CLANG_WARN_ENUM_CONVERSION = YES;
				CLANG_WARN_INFINITE_RECURSION = YES;
				CLANG_WARN_INT_CONVERSION = YES;
				CLANG_WARN_NON_LITERAL_NULL_CONVERSION = YES;
				CLANG_WARN_OBJC_IMPLICIT_RETAIN_SELF = YES;
				CLANG_WARN_OBJC_LITERAL_CONVERSION = YES;
				CLANG_WARN_OBJC_ROOT_CLASS = YES_ERROR;
				CLANG_WARN_QUOTED_INCLUDE_IN_FRAMEWORK_HEADER = YES;
				CLANG_WARN_RANGE_LOOP_ANALYSIS = YES;
				CLANG_WARN_STRICT_PROTOTYPES = YES;
				CLANG_WARN_SUSPICIOUS_MOVE = YES;
				CLANG_WARN_UNGUARDED_AVAILABILITY = YES_AGGRESSIVE;
				CLANG_WARN_UNREACHABLE_CODE = YES;
				CLANG_WARN__DUPLICATE_METHOD_MATCH = YES;
				COPY_PHASE_STRIP = NO;
				DEBUG_INFORMATION_FORMAT = dwarf;
				ENABLE_STRICT_OBJC_MSGSEND = YES;
				ENABLE_TESTABILITY = YES;
				ENABLE_USER_SCRIPT_SANDBOXING = YES;
				GCC_C_LANGUAGE_STANDARD = gnu17;
				GCC_DYNAMIC_NO_PIC = NO;
				GCC_NO_COMMON_BLOCKS = YES;
				GCC_OPTIMIZATION_LEVEL = 0;
				GCC_PREPROCESSOR_DEFINITIONS = (
					"DEBUG=1",
					"$(inherited)",
				);
				GCC_WARN_64_TO_32_BIT_CONVERSION = YES;
				GCC_WARN_ABOUT_RETURN_TYPE = YES_ERROR;
				GCC_WARN_UNDECLARED_SELECTOR = YES;
				GCC_WARN_UNINITIALIZED_AUTOS = YES_AGGRESSIVE;
				GCC_WARN_UNUSED_FUNCTION = YES;
				GCC_WARN_UNUSED_VARIABLE = YES;
				IPHONEOS_DEPLOYMENT_TARGET = 17.2;
				LOCALIZATION_PREFERS_STRING_CATALOGS = YES;
				MTL_ENABLE_DEBUG_INFO = INCLUDE_SOURCE;
				MTL_FAST_MATH = YES;
				ONLY_ACTIVE_ARCH = YES;
				SDKROOT = iphoneos;
				SWIFT_ACTIVE_COMPILATION_CONDITIONS = "DEBUG $(inherited)";
				SWIFT_OPTIMIZATION_LEVEL = "-Onone";
			};
			name = Debug;
		};
		0022EA042B5CA0AC004FDE34 /* Release */ = {
			isa = XCBuildConfiguration;
			buildSettings = {
				ALWAYS_SEARCH_USER_PATHS = NO;
				ASSETCATALOG_COMPILER_GENERATE_SWIFT_ASSET_SYMBOL_EXTENSIONS = YES;
				CLANG_ANALYZER_NONNULL = YES;
				CLANG_ANALYZER_NUMBER_OBJECT_CONVERSION = YES_AGGRESSIVE;
				CLANG_CXX_LANGUAGE_STANDARD = "gnu++20";
				CLANG_ENABLE_MODULES = YES;
				CLANG_ENABLE_OBJC_ARC = YES;
				CLANG_ENABLE_OBJC_WEAK = YES;
				CLANG_WARN_BLOCK_CAPTURE_AUTORELEASING = YES;
				CLANG_WARN_BOOL_CONVERSION = YES;
				CLANG_WARN_COMMA = YES;
				CLANG_WARN_CONSTANT_CONVERSION = YES;
				CLANG_WARN_DEPRECATED_OBJC_IMPLEMENTATIONS = YES;
				CLANG_WARN_DIRECT_OBJC_ISA_USAGE = YES_ERROR;
				CLANG_WARN_DOCUMENTATION_COMMENTS = YES;
				CLANG_WARN_EMPTY_BODY = YES;
				CLANG_WARN_ENUM_CONVERSION = YES;
				CLANG_WARN_INFINITE_RECURSION = YES;
				CLANG_WARN_INT_CONVERSION = YES;
				CLANG_WARN_NON_LITERAL_NULL_CONVERSION = YES;
				CLANG_WARN_OBJC_IMPLICIT_RETAIN_SELF = YES;
				CLANG_WARN_OBJC_LITERAL_CONVERSION = YES;
				CLANG_WARN_OBJC_ROOT_CLASS = YES_ERROR;
				CLANG_WARN_QUOTED_INCLUDE_IN_FRAMEWORK_HEADER = YES;
				CLANG_WARN_RANGE_LOOP_ANALYSIS = YES;
				CLANG_WARN_STRICT_PROTOTYPES = YES;
				CLANG_WARN_SUSPICIOUS_MOVE = YES;
				CLANG_WARN_UNGUARDED_AVAILABILITY = YES_AGGRESSIVE;
				CLANG_WARN_UNREACHABLE_CODE = YES;
				CLANG_WARN__DUPLICATE_METHOD_MATCH = YES;
				COPY_PHASE_STRIP = NO;
				DEBUG_INFORMATION_FORMAT = "dwarf-with-dsym";
				ENABLE_NS_ASSERTIONS = NO;
				ENABLE_STRICT_OBJC_MSGSEND = YES;
				ENABLE_USER_SCRIPT_SANDBOXING = YES;
				GCC_C_LANGUAGE_STANDARD = gnu17;
				GCC_NO_COMMON_BLOCKS = YES;
				GCC_WARN_64_TO_32_BIT_CONVERSION = YES;
				GCC_WARN_ABOUT_RETURN_TYPE = YES_ERROR;
				GCC_WARN_UNDECLARED_SELECTOR = YES;
				GCC_WARN_UNINITIALIZED_AUTOS = YES_AGGRESSIVE;
				GCC_WARN_UNUSED_FUNCTION = YES;
				GCC_WARN_UNUSED_VARIABLE = YES;
				IPHONEOS_DEPLOYMENT_TARGET = 17.2;
				LOCALIZATION_PREFERS_STRING_CATALOGS = YES;
				MTL_ENABLE_DEBUG_INFO = NO;
				MTL_FAST_MATH = YES;
				SDKROOT = iphoneos;
				SWIFT_COMPILATION_MODE = wholemodule;
				VALIDATE_PRODUCT = YES;
			};
			name = Release;
		};
		0022EA062B5CA0AC004FDE34 /* Debug */ = {
			isa = XCBuildConfiguration;
			buildSettings = {
				ASSETCATALOG_COMPILER_APPICON_NAME = AppIcon;
				ASSETCATALOG_COMPILER_GLOBAL_ACCENT_COLOR_NAME = AccentColor;
				CODE_SIGN_STYLE = Automatic;
				CURRENT_PROJECT_VERSION = 1;
				DEVELOPMENT_ASSET_PATHS = "\"nwhacks-ios/Preview Content\"";
				DEVELOPMENT_TEAM = W887ASN27L;
				ENABLE_PREVIEWS = YES;
				GENERATE_INFOPLIST_FILE = YES;
				INFOPLIST_KEY_UIApplicationSceneManifest_Generation = YES;
				INFOPLIST_KEY_UIApplicationSupportsIndirectInputEvents = YES;
				INFOPLIST_KEY_UILaunchScreen_Generation = YES;
				INFOPLIST_KEY_UISupportedInterfaceOrientations_iPad = "UIInterfaceOrientationPortrait UIInterfaceOrientationPortraitUpsideDown UIInterfaceOrientationLandscapeLeft UIInterfaceOrientationLandscapeRight";
				INFOPLIST_KEY_UISupportedInterfaceOrientations_iPhone = "UIInterfaceOrientationPortrait UIInterfaceOrientationLandscapeLeft UIInterfaceOrientationLandscapeRight";
				LD_RUNPATH_SEARCH_PATHS = (
					"$(inherited)",
					"@executable_path/Frameworks",
				);
				MARKETING_VERSION = 1.0;
				PRODUCT_BUNDLE_IDENTIFIER = "com.robinvvinod.nwhacks-ios";
				PRODUCT_NAME = "$(TARGET_NAME)";
				SWIFT_EMIT_LOC_STRINGS = YES;
				SWIFT_VERSION = 5.0;
				TARGETED_DEVICE_FAMILY = "1,2";
			};
			name = Debug;
		};
		0022EA072B5CA0AC004FDE34 /* Release */ = {
			isa = XCBuildConfiguration;
			buildSettings = {
				ASSETCATALOG_COMPILER_APPICON_NAME = AppIcon;
				ASSETCATALOG_COMPILER_GLOBAL_ACCENT_COLOR_NAME = AccentColor;
				CODE_SIGN_STYLE = Automatic;
				CURRENT_PROJECT_VERSION = 1;
				DEVELOPMENT_ASSET_PATHS = "\"nwhacks-ios/Preview Content\"";
				DEVELOPMENT_TEAM = W887ASN27L;
				ENABLE_PREVIEWS = YES;
				GENERATE_INFOPLIST_FILE = YES;
				INFOPLIST_KEY_UIApplicationSceneManifest_Generation = YES;
				INFOPLIST_KEY_UIApplicationSupportsIndirectInputEvents = YES;
				INFOPLIST_KEY_UILaunchScreen_Generation = YES;
				INFOPLIST_KEY_UISupportedInterfaceOrientations_iPad = "UIInterfaceOrientationPortrait UIInterfaceOrientationPortraitUpsideDown UIInterfaceOrientationLandscapeLeft UIInterfaceOrientationLandscapeRight";
				INFOPLIST_KEY_UISupportedInterfaceOrientations_iPhone = "UIInterfaceOrientationPortrait UIInterfaceOrientationLandscapeLeft UIInterfaceOrientationLandscapeRight";
				LD_RUNPATH_SEARCH_PATHS = (
					"$(inherited)",
					"@executable_path/Frameworks",
				);
				MARKETING_VERSION = 1.0;
				PRODUCT_BUNDLE_IDENTIFIER = "com.robinvvinod.nwhacks-ios";
				PRODUCT_NAME = "$(TARGET_NAME)";
				SWIFT_EMIT_LOC_STRINGS = YES;
				SWIFT_VERSION = 5.0;
				TARGETED_DEVICE_FAMILY = "1,2";
			};
			name = Release;
		};
		0022EA092B5CA0AC004FDE34 /* Debug */ = {
			isa = XCBuildConfiguration;
			buildSettings = {
				ALWAYS_EMBED_SWIFT_STANDARD_LIBRARIES = YES;
				BUNDLE_LOADER = "$(TEST_HOST)";
				CODE_SIGN_STYLE = Automatic;
				CURRENT_PROJECT_VERSION = 1;
				GENERATE_INFOPLIST_FILE = YES;
				IPHONEOS_DEPLOYMENT_TARGET = 17.2;
				MARKETING_VERSION = 1.0;
				PRODUCT_BUNDLE_IDENTIFIER = "com.robinvvinod.nwhacks-iosTests";
				PRODUCT_NAME = "$(TARGET_NAME)";
				SWIFT_EMIT_LOC_STRINGS = NO;
				SWIFT_VERSION = 5.0;
				TARGETED_DEVICE_FAMILY = "1,2";
				TEST_HOST = "$(BUILT_PRODUCTS_DIR)/nwhacks-ios.app/$(BUNDLE_EXECUTABLE_FOLDER_PATH)/nwhacks-ios";
			};
			name = Debug;
		};
		0022EA0A2B5CA0AC004FDE34 /* Release */ = {
			isa = XCBuildConfiguration;
			buildSettings = {
				ALWAYS_EMBED_SWIFT_STANDARD_LIBRARIES = YES;
				BUNDLE_LOADER = "$(TEST_HOST)";
				CODE_SIGN_STYLE = Automatic;
				CURRENT_PROJECT_VERSION = 1;
				GENERATE_INFOPLIST_FILE = YES;
				IPHONEOS_DEPLOYMENT_TARGET = 17.2;
				MARKETING_VERSION = 1.0;
				PRODUCT_BUNDLE_IDENTIFIER = "com.robinvvinod.nwhacks-iosTests";
				PRODUCT_NAME = "$(TARGET_NAME)";
				SWIFT_EMIT_LOC_STRINGS = NO;
				SWIFT_VERSION = 5.0;
				TARGETED_DEVICE_FAMILY = "1,2";
				TEST_HOST = "$(BUILT_PRODUCTS_DIR)/nwhacks-ios.app/$(BUNDLE_EXECUTABLE_FOLDER_PATH)/nwhacks-ios";
			};
			name = Release;
		};
		0022EA0C2B5CA0AC004FDE34 /* Debug */ = {
			isa = XCBuildConfiguration;
			buildSettings = {
				ALWAYS_EMBED_SWIFT_STANDARD_LIBRARIES = YES;
				CODE_SIGN_STYLE = Automatic;
				CURRENT_PROJECT_VERSION = 1;
				GENERATE_INFOPLIST_FILE = YES;
				MARKETING_VERSION = 1.0;
				PRODUCT_BUNDLE_IDENTIFIER = "com.robinvvinod.nwhacks-iosUITests";
				PRODUCT_NAME = "$(TARGET_NAME)";
				SWIFT_EMIT_LOC_STRINGS = NO;
				SWIFT_VERSION = 5.0;
				TARGETED_DEVICE_FAMILY = "1,2";
				TEST_TARGET_NAME = "nwhacks-ios";
			};
			name = Debug;
		};
		0022EA0D2B5CA0AC004FDE34 /* Release */ = {
			isa = XCBuildConfiguration;
			buildSettings = {
				ALWAYS_EMBED_SWIFT_STANDARD_LIBRARIES = YES;
				CODE_SIGN_STYLE = Automatic;
				CURRENT_PROJECT_VERSION = 1;
				GENERATE_INFOPLIST_FILE = YES;
				MARKETING_VERSION = 1.0;
				PRODUCT_BUNDLE_IDENTIFIER = "com.robinvvinod.nwhacks-iosUITests";
				PRODUCT_NAME = "$(TARGET_NAME)";
				SWIFT_EMIT_LOC_STRINGS = NO;
				SWIFT_VERSION = 5.0;
				TARGETED_DEVICE_FAMILY = "1,2";
				TEST_TARGET_NAME = "nwhacks-ios";
			};
			name = Release;
		};
/* End XCBuildConfiguration section */

/* Begin XCConfigurationList section */
		0022E9DC2B5CA0AB004FDE34 /* Build configuration list for PBXProject "nwhacks-ios" */ = {
			isa = XCConfigurationList;
			buildConfigurations = (
				0022EA032B5CA0AC004FDE34 /* Debug */,
				0022EA042B5CA0AC004FDE34 /* Release */,
			);
			defaultConfigurationIsVisible = 0;
			defaultConfigurationName = Release;
		};
		0022EA052B5CA0AC004FDE34 /* Build configuration list for PBXNativeTarget "nwhacks-ios" */ = {
			isa = XCConfigurationList;
			buildConfigurations = (
				0022EA062B5CA0AC004FDE34 /* Debug */,
				0022EA072B5CA0AC004FDE34 /* Release */,
			);
			defaultConfigurationIsVisible = 0;
			defaultConfigurationName = Release;
		};
		0022EA082B5CA0AC004FDE34 /* Build configuration list for PBXNativeTarget "nwhacks-iosTests" */ = {
			isa = XCConfigurationList;
			buildConfigurations = (
				0022EA092B5CA0AC004FDE34 /* Debug */,
				0022EA0A2B5CA0AC004FDE34 /* Release */,
			);
			defaultConfigurationIsVisible = 0;
			defaultConfigurationName = Release;
		};
		0022EA0B2B5CA0AC004FDE34 /* Build configuration list for PBXNativeTarget "nwhacks-iosUITests" */ = {
			isa = XCConfigurationList;
			buildConfigurations = (
				0022EA0C2B5CA0AC004FDE34 /* Debug */,
				0022EA0D2B5CA0AC004FDE34 /* Release */,
			);
			defaultConfigurationIsVisible = 0;
			defaultConfigurationName = Release;
		};
/* End XCConfigurationList section */

/* Begin XCRemoteSwiftPackageReference section */
		0022EA142B5CA98B004FDE34 /* XCRemoteSwiftPackageReference "OpenAI" */ = {
			isa = XCRemoteSwiftPackageReference;
			repositoryURL = "https://github.com/MacPaw/OpenAI.git";
			requirement = {
				kind = upToNextMajorVersion;
				minimumVersion = 0.2.5;
			};
		};
/* End XCRemoteSwiftPackageReference section */

/* Begin XCSwiftPackageProductDependency section */
		0022EA152B5CA98B004FDE34 /* OpenAI */ = {
			isa = XCSwiftPackageProductDependency;
			package = 0022EA142B5CA98B004FDE34 /* XCRemoteSwiftPackageReference "OpenAI" */;
			productName = OpenAI;
		};
/* End XCSwiftPackageProductDependency section */
	};
	rootObject = 0022E9D92B5CA0AB004FDE34 /* Project object */;
}
